<?xml version="1.0" encoding="utf-8"?>
<Project ToolsVersion="4.0" xmlns="http://schemas.microsoft.com/developer/msbuild/2003">
  <ItemGroup>
    <Filter Include="Source Files">
      <UniqueIdentifier>{4FC737F1-C7A5-4376-A066-2A32D752A2FF}</UniqueIdentifier>
      <Extensions>cpp;c;cc;cxx;c++;cppm;ixx;def;odl;idl;hpj;bat;asm;asmx</Extensions>
    </Filter>
    <Filter Include="Header Files">
      <UniqueIdentifier>{93995380-89BD-4b04-88EB-625FBE52EBFB}</UniqueIdentifier>
      <Extensions>h;hh;hpp;hxx;h++;hm;inl;inc;ipp;xsd</Extensions>
    </Filter>
    <Filter Include="Header Files\Application">
      <UniqueIdentifier>{f9b01392-febc-44ca-9630-77fa2c1f5411}</UniqueIdentifier>
    </Filter>
    <Filter Include="Header Files\Messages">
      <UniqueIdentifier>{65e152a7-f3a5-460f-a45a-a1b7acab87d2}</UniqueIdentifier>
    </Filter>
    <Filter Include="Header Files\Dependencies">
      <UniqueIdentifier>{a4f346f2-e46d-40be-968a-172f849a2e16}</UniqueIdentifier>
    </Filter>
    <Filter Include="Source Files\Application">
      <UniqueIdentifier>{f4a2f45d-871f-43d7-a4e4-b03a7b04e898}</UniqueIdentifier>
    </Filter>
    <Filter Include="Header Files\UI">
      <UniqueIdentifier>{38b3892d-51b3-45a8-9ead-59eaecaa74ec}</UniqueIdentifier>
    </Filter>
    <Filter Include="Header Files\Graphics">
      <UniqueIdentifier>{30abc7db-2c7b-4c80-9530-cb8953f3d1bb}</UniqueIdentifier>
    </Filter>
    <Filter Include="Source Files\Graphics">
      <UniqueIdentifier>{aa2aba81-4309-4a32-8e85-7b0c8bd39c22}</UniqueIdentifier>
    </Filter>
    <Filter Include="Header Files\BaseClasses">
      <UniqueIdentifier>{9652b8be-bd1b-4952-af33-7a656718eadb}</UniqueIdentifier>
    </Filter>
    <Filter Include="Source Files\UI">
      <UniqueIdentifier>{eac66c24-00df-4ec2-8cd4-04f2990677df}</UniqueIdentifier>
    </Filter>
    <Filter Include="Header Files\Room">
      <UniqueIdentifier>{9738cf7e-fd03-4c73-89e5-e2848f956b57}</UniqueIdentifier>
    </Filter>
    <Filter Include="Header Files\Input">
      <UniqueIdentifier>{554743f0-b99f-48d4-8bff-3dcc1d37d3c4}</UniqueIdentifier>
    </Filter>
    <Filter Include="Header Files\UI\Enums">
      <UniqueIdentifier>{f430ceef-573b-42d7-bf8c-25e37cb61be7}</UniqueIdentifier>
    </Filter>
    <Filter Include="Header Files\UI\States">
      <UniqueIdentifier>{fef4814d-1ce9-44d4-b8b6-11a74ef955b3}</UniqueIdentifier>
    </Filter>
    <Filter Include="Source Files\BaseClasses">
      <UniqueIdentifier>{f17a2f1f-4b13-4105-a134-4801ac6d9375}</UniqueIdentifier>
    </Filter>
    <Filter Include="Source Files\Graphics\Managers">
      <UniqueIdentifier>{980ce17f-3fa7-4d6d-93c4-b9a9c9a854e2}</UniqueIdentifier>
    </Filter>
    <Filter Include="Source Files\Graphics\Common">
      <UniqueIdentifier>{06a0f7a3-402a-429d-a398-866e73aad5f9}</UniqueIdentifier>
    </Filter>
    <Filter Include="Source Files\Graphics\Controls">
      <UniqueIdentifier>{49b7a110-84f1-4dba-a643-2363fde4d1d4}</UniqueIdentifier>
    </Filter>
    <Filter Include="Header Files\Data">
      <UniqueIdentifier>{ada98035-d2d3-4ffb-b968-85192b5d4066}</UniqueIdentifier>
    </Filter>
    <Filter Include="Source Files\Data">
      <UniqueIdentifier>{98359875-23b7-409a-a5e6-eef250c696b2}</UniqueIdentifier>
    </Filter>
    <Filter Include="Header Files\Audio">
      <UniqueIdentifier>{331954c3-726c-4dfe-b4ee-fc0ad8228a1d}</UniqueIdentifier>
    </Filter>
    <Filter Include="Source Files\Audio">
      <UniqueIdentifier>{e81852bd-cb4d-43de-b275-e79eb50c5a3e}</UniqueIdentifier>
    </Filter>
    <Filter Include="Header Files\Data\Descriptors">
      <UniqueIdentifier>{541bb12f-72e1-4222-8b79-09e21cdb67be}</UniqueIdentifier>
    </Filter>
    <Filter Include="Header Files\Data\Scenarios">
      <UniqueIdentifier>{9458ed27-af4a-4825-8c72-b5330f43b7a0}</UniqueIdentifier>
    </Filter>
    <Filter Include="Header Files\UI\States\Navigation">
      <UniqueIdentifier>{24a3cc17-e302-4109-a7d6-a1970483e3ed}</UniqueIdentifier>
    </Filter>
    <Filter Include="Header Files\UI\States\Base">
      <UniqueIdentifier>{42326270-c033-4313-b360-5621ed4d64ce}</UniqueIdentifier>
    </Filter>
    <Filter Include="Header Files\UI\States\Editor">
      <UniqueIdentifier>{e0d43a74-9465-4ecf-9f06-869a9417e2b8}</UniqueIdentifier>
    </Filter>
    <Filter Include="Source Files\Data\Primitives">
      <UniqueIdentifier>{3573e146-d05c-4c59-8543-7903f52fae98}</UniqueIdentifier>
    </Filter>
    <Filter Include="Source Files\Data\Descriptors">
      <UniqueIdentifier>{067671ec-f596-4fee-b052-8b07b798b9e9}</UniqueIdentifier>
    </Filter>
    <Filter Include="Source Files\Data\Managers">
      <UniqueIdentifier>{3f911e52-f849-4a90-b8a6-993dd8189813}</UniqueIdentifier>
    </Filter>
    <Filter Include="Header Files\Data\Managers">
      <UniqueIdentifier>{d98dc2a5-8d00-4da1-b2af-6ecbd12d06a6}</UniqueIdentifier>
    </Filter>
    <Filter Include="Source Files\UI\Navigation">
      <UniqueIdentifier>{84b727b0-1572-409d-9664-42165622a4ff}</UniqueIdentifier>
    </Filter>
    <Filter Include="Source Files\UI\Base">
      <UniqueIdentifier>{5ca60636-7cba-4f58-a67e-6f9d9c71b469}</UniqueIdentifier>
    </Filter>
    <Filter Include="Source Files\UI\Editor">
      <UniqueIdentifier>{07a6a74c-f47a-464d-be6b-c17ec33ea914}</UniqueIdentifier>
    </Filter>
    <Filter Include="Source Files\Data\Scenarios">
      <UniqueIdentifier>{2b8fee4f-28e1-45b4-b6e5-68b639fc74e0}</UniqueIdentifier>
    </Filter>
    <Filter Include="Source Files\Data\Instances">
      <UniqueIdentifier>{9d67b504-57a5-420e-95b1-3209d3a1a72c}</UniqueIdentifier>
    </Filter>
    <Filter Include="Header Files\Data\Instances">
      <UniqueIdentifier>{7b95671c-21cd-4f76-a1fa-9d68c4eb25f5}</UniqueIdentifier>
    </Filter>
  </ItemGroup>
  <ItemGroup>
    <ClCompile Include="AspirantApplication.cpp">
      <Filter>Source Files\Application</Filter>
    </ClCompile>
    <ClCompile Include="SoundManager.cpp">
      <Filter>Source Files\Audio</Filter>
    </ClCompile>
    <ClCompile Include="EditorContext.cpp">
      <Filter>Source Files\Data</Filter>
    </ClCompile>
    <ClCompile Include="CreatureDescriptor.cpp">
      <Filter>Source Files\Data\Descriptors</Filter>
    </ClCompile>
    <ClCompile Include="TerrainDescriptor.cpp">
      <Filter>Source Files\Data\Descriptors</Filter>
    </ClCompile>
    <ClCompile Include="ScenarioDescriptorManager.cpp">
      <Filter>Source Files\Data\Descriptors</Filter>
    </ClCompile>
    <ClCompile Include="DescriptorManager.cpp">
      <Filter>Source Files\Data\Managers</Filter>
    </ClCompile>
    <ClCompile Include="OptionsManager.cpp">
      <Filter>Source Files\Data\Managers</Filter>
    </ClCompile>
    <ClCompile Include="CommonStateHandler.cpp">
      <Filter>Source Files\UI\Base</Filter>
    </ClCompile>
    <ClCompile Include="SplashStateHandler.cpp">
      <Filter>Source Files\UI\Navigation</Filter>
    </ClCompile>
    <ClCompile Include="OptionsStateHandler.cpp">
      <Filter>Source Files\UI\Navigation</Filter>
    </ClCompile>
    <ClCompile Include="ConfirmQuitStateHandler.cpp">
      <Filter>Source Files\UI\Navigation</Filter>
    </ClCompile>
    <ClCompile Include="AboutStateHandler.cpp">
      <Filter>Source Files\UI\Navigation</Filter>
    </ClCompile>
    <ClCompile Include="StartGameStateHandler.cpp">
      <Filter>Source Files\UI\Navigation</Filter>
    </ClCompile>
    <ClCompile Include="EditScenarioSelectorStateHandler.cpp">
      <Filter>Source Files\UI\Editor</Filter>
    </ClCompile>
    <ClCompile Include="StartEditorStateHandler.cpp">
      <Filter>Source Files\UI\Editor</Filter>
    </ClCompile>
    <ClCompile Include="EditScenarioStateHandler.cpp">
      <Filter>Source Files\UI\Editor</Filter>
    </ClCompile>
    <ClCompile Include="Scenario.cpp">
      <Filter>Source Files\Data\Scenarios</Filter>
    </ClCompile>
    <ClCompile Include="ScenarioRoomCell.cpp">
      <Filter>Source Files\Data\Scenarios</Filter>
    </ClCompile>
    <ClCompile Include="ScenarioRoom.cpp">
      <Filter>Source Files\Data\Scenarios</Filter>
    </ClCompile>
    <ClCompile Include="ScenarioObjectInstance.cpp">
      <Filter>Source Files\Data\Instances</Filter>
    </ClCompile>
    <ClCompile Include="CreatureInstance.cpp">
      <Filter>Source Files\Data\Instances</Filter>
    </ClCompile>
    <ClCompile Include="TerrainInstance.cpp">
      <Filter>Source Files\Data\Instances</Filter>
    </ClCompile>
    <ClCompile Include="EditPickRoomStateHandler.cpp">
      <Filter>Source Files\UI\Editor</Filter>
    </ClCompile>
    <ClCompile Include="EditNewRoomStateHandler.cpp">
      <Filter>Source Files\UI\Editor</Filter>
    </ClCompile>
    <ClCompile Include="EditScenarioDescriptorStateHandler.cpp">
      <Filter>Source Files\UI\Editor</Filter>
    </ClCompile>
    <ClCompile Include="EditNavigateRoomStateHandler.cpp">
      <Filter>Source Files\UI\Editor</Filter>
    </ClCompile>
    <ClCompile Include="RoomRenderer.cpp">
      <Filter>Source Files\Graphics</Filter>
    </ClCompile>
    <ClCompile Include="MainMenuStateHandler.cpp">
      <Filter>Source Files</Filter>
    </ClCompile>
  </ItemGroup>
  <ItemGroup>
    <ClInclude Include="AspirantApplication.h">
      <Filter>Header Files\Application</Filter>
    </ClInclude>
    <ClInclude Include="MSetUIState.h">
      <Filter>Header Files\Messages</Filter>
    </ClInclude>
    <ClInclude Include="Room.h">
      <Filter>Header Files\Room</Filter>
    </ClInclude>
    <ClInclude Include="RoomCell.h">
      <Filter>Header Files\Room</Filter>
    </ClInclude>
    <ClInclude Include="RoomCellObject.h">
      <Filter>Header Files\Room</Filter>
    </ClInclude>
    <ClInclude Include="Command.h">
      <Filter>Header Files\Input</Filter>
    </ClInclude>
    <ClInclude Include="MCommand.h">
      <Filter>Header Files\Messages</Filter>
    </ClInclude>
    <ClInclude Include="UIState.h">
      <Filter>Header Files\UI\Enums</Filter>
    </ClInclude>
    <ClInclude Include="SoundManager.h">
      <Filter>Header Files\Audio</Filter>
    </ClInclude>
    <ClInclude Include="BaseDescriptor.h">
      <Filter>Header Files\BaseClasses</Filter>
    </ClInclude>
    <ClInclude Include="CreatureDescriptor.h">
      <Filter>Header Files\Data\Descriptors</Filter>
    </ClInclude>
    <ClInclude Include="TerrainDescriptor.h">
      <Filter>Header Files\Data\Descriptors</Filter>
    </ClInclude>
    <ClInclude Include="ScenarioDescriptor.h">
      <Filter>Header Files\Data\Scenarios</Filter>
    </ClInclude>
    <ClInclude Include="ScenarioDescriptorManager.h">
      <Filter>Header Files\Data\Scenarios</Filter>
    </ClInclude>
    <ClInclude Include="EditorContext.h">
      <Filter>Header Files\Data</Filter>
    </ClInclude>
    <ClInclude Include="CommonStateHandler.h">
      <Filter>Header Files\UI\States\Base</Filter>
    </ClInclude>
    <ClInclude Include="UIStateMessageHandler.h">
      <Filter>Header Files\UI\States\Base</Filter>
    </ClInclude>
    <ClInclude Include="AboutStateHandler.h">
      <Filter>Header Files\UI\States\Navigation</Filter>
    </ClInclude>
    <ClInclude Include="ConfirmQuitStateHandler.h">
      <Filter>Header Files\UI\States\Navigation</Filter>
    </ClInclude>
    <ClInclude Include="MenuStateHandler.h">
      <Filter>Header Files\UI\States\Base</Filter>
    </ClInclude>
    <ClInclude Include="SplashStateHandler.h">
      <Filter>Header Files\UI\States\Navigation</Filter>
    </ClInclude>
    <ClInclude Include="OptionsStateHandler.h">
      <Filter>Header Files\UI\States\Navigation</Filter>
    </ClInclude>
    <ClInclude Include="MainMenuStateHandler.h">
      <Filter>Header Files\UI\States\Navigation</Filter>
    </ClInclude>
    <ClInclude Include="StartGameStateHandler.h">
      <Filter>Header Files\UI\States\Navigation</Filter>
    </ClInclude>
    <ClInclude Include="EditScenarioSelectorStateHandler.h">
      <Filter>Header Files\UI\States\Editor</Filter>
    </ClInclude>
    <ClInclude Include="StartEditorStateHandler.h">
      <Filter>Header Files\UI\States\Editor</Filter>
    </ClInclude>
    <ClInclude Include="OptionsManager.h">
      <Filter>Header Files\Data\Managers</Filter>
    </ClInclude>
    <ClInclude Include="DescriptorManager.h">
      <Filter>Header Files\Data\Managers</Filter>
    </ClInclude>
    <ClInclude Include="EditScenarioStateHandler.h">
      <Filter>Header Files\UI\States\Editor</Filter>
    </ClInclude>
    <ClInclude Include="Scenario.h">
      <Filter>Header Files\Data\Scenarios</Filter>
    </ClInclude>
    <ClInclude Include="ScenarioRoomCell.h">
      <Filter>Header Files\Data\Scenarios</Filter>
    </ClInclude>
    <ClInclude Include="ScenarioRoomCellFlags.h">
      <Filter>Header Files\Data\Scenarios</Filter>
    </ClInclude>
    <ClInclude Include="ScenarioRoom.h">
      <Filter>Header Files\Data\Scenarios</Filter>
    </ClInclude>
    <ClInclude Include="ScenarioObjectInstance.h">
      <Filter>Header Files\Data\Instances</Filter>
    </ClInclude>
    <ClInclude Include="TerrainInstance.h">
      <Filter>Header Files\Data\Instances</Filter>
    </ClInclude>
    <ClInclude Include="CreatureInstance.h">
      <Filter>Header Files\Data\Instances</Filter>
    </ClInclude>
    <ClInclude Include="CommonDescriptor.h">
      <Filter>Header Files\Data\Descriptors</Filter>
    </ClInclude>
    <ClInclude Include="EditPickRoomStateHandler.h">
      <Filter>Header Files\UI\States\Editor</Filter>
    </ClInclude>
    <ClInclude Include="UIContext.h">
      <Filter>Header Files\Data</Filter>
    </ClInclude>
    <ClInclude Include="EditNewRoomStateHandler.h">
      <Filter>Header Files\UI\States\Editor</Filter>
    </ClInclude>
    <ClInclude Include="EditScenarioDescriptorStateHandler.h">
      <Filter>Header Files\UI\States\Editor</Filter>
    </ClInclude>
    <ClInclude Include="EditNavigateRoomStateHandler.h">
      <Filter>Header Files\UI\States\Editor</Filter>
    </ClInclude>
    <ClInclude Include="MenuItemDescriptor.h">
      <Filter>Header Files\UI\States\Base</Filter>
    </ClInclude>
    <ClInclude Include="EditorContextClient.h">
      <Filter>Header Files\UI\States\Base</Filter>
    </ClInclude>
    <ClInclude Include="CommonEditorStateHandler.h">
      <Filter>Header Files\UI\States\Base</Filter>
    </ClInclude>
    <ClInclude Include="EditorMenuStateHandler.h">
      <Filter>Header Files\UI\States\Base</Filter>
    </ClInclude>
    <ClInclude Include="RoomRenderer.h">
      <Filter>Header Files\Graphics</Filter>
    </ClInclude>
  </ItemGroup>
</Project>