<?xml version="1.0" encoding="utf-8"?>
<Project ToolsVersion="4.0" xmlns="http://schemas.microsoft.com/developer/msbuild/2003">
  <ItemGroup>
    <Filter Include="Source Files">
      <UniqueIdentifier>{4FC737F1-C7A5-4376-A066-2A32D752A2FF}</UniqueIdentifier>
      <Extensions>cpp;c;cc;cxx;c++;cppm;ixx;def;odl;idl;hpj;bat;asm;asmx</Extensions>
    </Filter>
    <Filter Include="Header Files">
      <UniqueIdentifier>{93995380-89BD-4b04-88EB-625FBE52EBFB}</UniqueIdentifier>
      <Extensions>h;hh;hpp;hxx;h++;hm;inl;inc;ipp;xsd</Extensions>
    </Filter>
    <Filter Include="Header Files\Application">
      <UniqueIdentifier>{f9b01392-febc-44ca-9630-77fa2c1f5411}</UniqueIdentifier>
    </Filter>
    <Filter Include="Header Files\Messages">
      <UniqueIdentifier>{65e152a7-f3a5-460f-a45a-a1b7acab87d2}</UniqueIdentifier>
    </Filter>
    <Filter Include="Header Files\Dependencies">
      <UniqueIdentifier>{a4f346f2-e46d-40be-968a-172f849a2e16}</UniqueIdentifier>
    </Filter>
    <Filter Include="Header Files\Utility">
      <UniqueIdentifier>{75999fa0-ffe3-4b72-9cd0-b26eb88ebf98}</UniqueIdentifier>
    </Filter>
    <Filter Include="Source Files\Application">
      <UniqueIdentifier>{f4a2f45d-871f-43d7-a4e4-b03a7b04e898}</UniqueIdentifier>
    </Filter>
    <Filter Include="Source Files\Utility">
      <UniqueIdentifier>{4e4b2a87-925e-439b-ac74-52ef8149c3d5}</UniqueIdentifier>
    </Filter>
    <Filter Include="Header Files\UI">
      <UniqueIdentifier>{38b3892d-51b3-45a8-9ead-59eaecaa74ec}</UniqueIdentifier>
    </Filter>
    <Filter Include="Header Files\Graphics">
      <UniqueIdentifier>{30abc7db-2c7b-4c80-9530-cb8953f3d1bb}</UniqueIdentifier>
    </Filter>
    <Filter Include="Source Files\Graphics">
      <UniqueIdentifier>{aa2aba81-4309-4a32-8e85-7b0c8bd39c22}</UniqueIdentifier>
    </Filter>
    <Filter Include="Header Files\BaseClasses">
      <UniqueIdentifier>{9652b8be-bd1b-4952-af33-7a656718eadb}</UniqueIdentifier>
    </Filter>
    <Filter Include="Source Files\UI">
      <UniqueIdentifier>{eac66c24-00df-4ec2-8cd4-04f2990677df}</UniqueIdentifier>
    </Filter>
    <Filter Include="Header Files\Room">
      <UniqueIdentifier>{9738cf7e-fd03-4c73-89e5-e2848f956b57}</UniqueIdentifier>
    </Filter>
    <Filter Include="Header Files\Input">
      <UniqueIdentifier>{554743f0-b99f-48d4-8bff-3dcc1d37d3c4}</UniqueIdentifier>
    </Filter>
    <Filter Include="Header Files\Messages\Common">
      <UniqueIdentifier>{b02648f6-c92a-49a9-90af-68c6a206992c}</UniqueIdentifier>
    </Filter>
    <Filter Include="Header Files\UI\Enums">
      <UniqueIdentifier>{f430ceef-573b-42d7-bf8c-25e37cb61be7}</UniqueIdentifier>
    </Filter>
    <Filter Include="Header Files\UI\States">
      <UniqueIdentifier>{fef4814d-1ce9-44d4-b8b6-11a74ef955b3}</UniqueIdentifier>
    </Filter>
    <Filter Include="Header Files\Graphics\Managers">
      <UniqueIdentifier>{dd1e9058-799e-4484-a658-1e662073c537}</UniqueIdentifier>
    </Filter>
    <Filter Include="Header Files\Graphics\Utility">
      <UniqueIdentifier>{abb91f3d-5926-4194-966b-f5493600d087}</UniqueIdentifier>
    </Filter>
    <Filter Include="Header Files\Graphics\Controls">
      <UniqueIdentifier>{5bf0c9bd-5d18-4c48-8db4-2b84874259c1}</UniqueIdentifier>
    </Filter>
    <Filter Include="Header Files\Graphics\Common">
      <UniqueIdentifier>{12898b72-3e3a-44f4-b29f-33e3b6e03278}</UniqueIdentifier>
    </Filter>
    <Filter Include="Source Files\BaseClasses">
      <UniqueIdentifier>{f17a2f1f-4b13-4105-a134-4801ac6d9375}</UniqueIdentifier>
    </Filter>
    <Filter Include="Source Files\Graphics\Managers">
      <UniqueIdentifier>{980ce17f-3fa7-4d6d-93c4-b9a9c9a854e2}</UniqueIdentifier>
    </Filter>
    <Filter Include="Source Files\Graphics\Common">
      <UniqueIdentifier>{06a0f7a3-402a-429d-a398-866e73aad5f9}</UniqueIdentifier>
    </Filter>
    <Filter Include="Source Files\Graphics\Controls">
      <UniqueIdentifier>{49b7a110-84f1-4dba-a643-2363fde4d1d4}</UniqueIdentifier>
    </Filter>
    <Filter Include="Header Files\Data">
      <UniqueIdentifier>{ada98035-d2d3-4ffb-b968-85192b5d4066}</UniqueIdentifier>
    </Filter>
    <Filter Include="Source Files\Data">
      <UniqueIdentifier>{98359875-23b7-409a-a5e6-eef250c696b2}</UniqueIdentifier>
    </Filter>
  </ItemGroup>
  <ItemGroup>
    <ClCompile Include="AspirantApplication.cpp">
      <Filter>Source Files\Application</Filter>
    </ClCompile>
    <ClCompile Include="Utility.cpp">
      <Filter>Source Files\Utility</Filter>
    </ClCompile>
    <ClCompile Include="FinishManager.cpp">
      <Filter>Source Files\Utility</Filter>
    </ClCompile>
    <ClCompile Include="SplashStateHandler.cpp">
      <Filter>Source Files\UI</Filter>
    </ClCompile>
    <ClCompile Include="MainMenuStateHandler.cpp">
      <Filter>Source Files\UI</Filter>
    </ClCompile>
    <ClCompile Include="Application.cpp">
      <Filter>Source Files\BaseClasses</Filter>
    </ClCompile>
    <ClCompile Include="main.cpp">
      <Filter>Source Files\Utility</Filter>
    </ClCompile>
    <ClCompile Include="ColorManager.cpp">
      <Filter>Source Files\Graphics\Managers</Filter>
    </ClCompile>
    <ClCompile Include="FontManager.cpp">
      <Filter>Source Files\Graphics\Managers</Filter>
    </ClCompile>
    <ClCompile Include="LayoutManager.cpp">
      <Filter>Source Files\Graphics\Managers</Filter>
    </ClCompile>
    <ClCompile Include="SpriteManager.cpp">
      <Filter>Source Files\Graphics\Managers</Filter>
    </ClCompile>
    <ClCompile Include="TextureManager.cpp">
      <Filter>Source Files\Graphics\Managers</Filter>
    </ClCompile>
    <ClCompile Include="SpriteFont.cpp">
      <Filter>Source Files\Graphics\Common</Filter>
    </ClCompile>
    <ClCompile Include="Sprite.cpp">
      <Filter>Source Files\Graphics\Common</Filter>
    </ClCompile>
    <ClCompile Include="Layout.cpp">
      <Filter>Source Files\Graphics\Controls</Filter>
    </ClCompile>
    <ClCompile Include="StaticImage.cpp">
      <Filter>Source Files\Graphics\Controls</Filter>
    </ClCompile>
    <ClCompile Include="StaticText.cpp">
      <Filter>Source Files\Graphics\Controls</Filter>
    </ClCompile>
    <ClCompile Include="StringManager.cpp">
      <Filter>Source Files\Data</Filter>
    </ClCompile>
    <ClCompile Include="IntManager.cpp">
      <Filter>Source Files\Data</Filter>
    </ClCompile>
    <ClCompile Include="FlagManager.cpp">
      <Filter>Source Files\Data</Filter>
    </ClCompile>
  </ItemGroup>
  <ItemGroup>
    <ClInclude Include="AspirantApplication.h">
      <Filter>Header Files\Application</Filter>
    </ClInclude>
    <ClInclude Include="json.hpp">
      <Filter>Header Files\Dependencies</Filter>
    </ClInclude>
    <ClInclude Include="Utility.h">
      <Filter>Header Files\Utility</Filter>
    </ClInclude>
    <ClInclude Include="MSetUIState.h">
      <Filter>Header Files\Messages</Filter>
    </ClInclude>
    <ClInclude Include="Finisher.h">
      <Filter>Header Files\Utility</Filter>
    </ClInclude>
    <ClInclude Include="FinishManager.h">
      <Filter>Header Files\Utility</Filter>
    </ClInclude>
    <ClInclude Include="BaseDescriptorManager.h">
      <Filter>Header Files\BaseClasses</Filter>
    </ClInclude>
    <ClInclude Include="UIStateMessageHandler.h">
      <Filter>Header Files\UI</Filter>
    </ClInclude>
    <ClInclude Include="Room.h">
      <Filter>Header Files\Room</Filter>
    </ClInclude>
    <ClInclude Include="RoomCell.h">
      <Filter>Header Files\Room</Filter>
    </ClInclude>
    <ClInclude Include="RoomCellObject.h">
      <Filter>Header Files\Room</Filter>
    </ClInclude>
    <ClInclude Include="Command.h">
      <Filter>Header Files\Input</Filter>
    </ClInclude>
    <ClInclude Include="MCommand.h">
      <Filter>Header Files\Messages</Filter>
    </ClInclude>
    <ClInclude Include="Application.h">
      <Filter>Header Files\BaseClasses</Filter>
    </ClInclude>
    <ClInclude Include="MEvent.h">
      <Filter>Header Files\Messages\Common</Filter>
    </ClInclude>
    <ClInclude Include="MGeneric.h">
      <Filter>Header Files\Messages\Common</Filter>
    </ClInclude>
    <ClInclude Include="MRender.h">
      <Filter>Header Files\Messages\Common</Filter>
    </ClInclude>
    <ClInclude Include="MUpdate.h">
      <Filter>Header Files\Messages\Common</Filter>
    </ClInclude>
    <ClInclude Include="MessageHandler.h">
      <Filter>Header Files\BaseClasses</Filter>
    </ClInclude>
    <ClInclude Include="UIState.h">
      <Filter>Header Files\UI\Enums</Filter>
    </ClInclude>
    <ClInclude Include="MainMenuStateHandler.h">
      <Filter>Header Files\UI\States</Filter>
    </ClInclude>
    <ClInclude Include="SplashStateHandler.h">
      <Filter>Header Files\UI\States</Filter>
    </ClInclude>
    <ClInclude Include="ColorManager.h">
      <Filter>Header Files\Graphics\Managers</Filter>
    </ClInclude>
    <ClInclude Include="FontManager.h">
      <Filter>Header Files\Graphics\Managers</Filter>
    </ClInclude>
    <ClInclude Include="LayoutManager.h">
      <Filter>Header Files\Graphics\Managers</Filter>
    </ClInclude>
    <ClInclude Include="SpriteManager.h">
      <Filter>Header Files\Graphics\Managers</Filter>
    </ClInclude>
    <ClInclude Include="SpriteTable.h">
      <Filter>Header Files\Graphics\Utility</Filter>
    </ClInclude>
    <ClInclude Include="XY.h">
      <Filter>Header Files\Graphics\Utility</Filter>
    </ClInclude>
    <ClInclude Include="Layout.h">
      <Filter>Header Files\Graphics\Controls</Filter>
    </ClInclude>
    <ClInclude Include="StaticImage.h">
      <Filter>Header Files\Graphics\Controls</Filter>
    </ClInclude>
    <ClInclude Include="StaticText.h">
      <Filter>Header Files\Graphics\Controls</Filter>
    </ClInclude>
    <ClInclude Include="TextureManager.h">
      <Filter>Header Files\Graphics\Managers</Filter>
    </ClInclude>
    <ClInclude Include="Sprite.h">
      <Filter>Header Files\Graphics\Common</Filter>
    </ClInclude>
    <ClInclude Include="SpriteFont.h">
      <Filter>Header Files\Graphics\Common</Filter>
    </ClInclude>
    <ClInclude Include="Drawn.h">
      <Filter>Header Files\Graphics\Common</Filter>
    </ClInclude>
    <ClInclude Include="StringManager.h">
      <Filter>Header Files\Data</Filter>
    </ClInclude>
    <ClInclude Include="IDataStore.h">
      <Filter>Header Files\Data</Filter>
    </ClInclude>
    <ClInclude Include="IValue.h">
      <Filter>Header Files\Data</Filter>
    </ClInclude>
    <ClInclude Include="ConstantValue.h">
      <Filter>Header Files\Data</Filter>
    </ClInclude>
    <ClInclude Include="DynamicValue.h">
      <Filter>Header Files\Data</Filter>
    </ClInclude>
    <ClInclude Include="IntManager.h">
      <Filter>Header Files\Data</Filter>
    </ClInclude>
    <ClInclude Include="FlagManager.h">
      <Filter>Header Files\Data</Filter>
    </ClInclude>
  </ItemGroup>
</Project>