
Microsoft Visual Studio Solution File, Format Version 12.00
# Visual Studio Version 16
VisualStudioVersion = 16.0.31005.135
MinimumVisualStudioVersion = 10.0.40219.1
Project("{8BC9CEB8-8B4A-11D0-8D11-00A0C91BC942}") = "Aspirant", "Aspirant.vcxproj", "{A9982D44-E811-4FB0-B7B1-02DB693F578F}"
EndProject
Project("{8BC9CEB8-8B4A-11D0-8D11-00A0C91BC942}") = "tggd_common", "..\tggd_common\tggd_common.vcxproj", "{6DD963DB-3CE4-4F66-B280-DB8C0E800B6E}"
EndProject
Project("{8BC9CEB8-8B4A-11D0-8D11-00A0C91BC942}") = "tggd_data", "..\tggd_data\tggd_data.vcxproj", "{5C7D56EF-72FA-48AA-A427-1CC0F255A910}"
EndProject
Project("{8BC9CEB8-8B4A-11D0-8D11-00A0C91BC942}") = "tggd_graphics", "..\tggd_graphics\tggd_graphics.vcxproj", "{5DA3B8F0-CCC8-41D3-AA40-8FFADBA3B417}"
EndProject
Project("{8BC9CEB8-8B4A-11D0-8D11-00A0C91BC942}") = "aspirant_game", "..\aspirant_game\aspirant_game.vcxproj", "{F65DCA58-FDDC-493E-B61A-A61B91E67051}"
EndProject
Global
	GlobalSection(SolutionConfigurationPlatforms) = preSolution
		Debug|x64 = Debug|x64
		Debug|x86 = Debug|x86
		Release|x64 = Release|x64
		Release|x86 = Release|x86
	EndGlobalSection
	GlobalSection(ProjectConfigurationPlatforms) = postSolution
		{A9982D44-E811-4FB0-B7B1-02DB693F578F}.Debug|x64.ActiveCfg = Debug|x64
		{A9982D44-E811-4FB0-B7B1-02DB693F578F}.Debug|x64.Build.0 = Debug|x64
		{A9982D44-E811-4FB0-B7B1-02DB693F578F}.Debug|x86.ActiveCfg = Debug|Win32
		{A9982D44-E811-4FB0-B7B1-02DB693F578F}.Debug|x86.Build.0 = Debug|Win32
		{A9982D44-E811-4FB0-B7B1-02DB693F578F}.Release|x64.ActiveCfg = Release|x64
		{A9982D44-E811-4FB0-B7B1-02DB693F578F}.Release|x64.Build.0 = Release|x64
		{A9982D44-E811-4FB0-B7B1-02DB693F578F}.Release|x86.ActiveCfg = Release|Win32
		{A9982D44-E811-4FB0-B7B1-02DB693F578F}.Release|x86.Build.0 = Release|Win32
		{6DD963DB-3CE4-4F66-B280-DB8C0E800B6E}.Debug|x64.ActiveCfg = Debug|x64
		{6DD963DB-3CE4-4F66-B280-DB8C0E800B6E}.Debug|x64.Build.0 = Debug|x64
		{6DD963DB-3CE4-4F66-B280-DB8C0E800B6E}.Debug|x86.ActiveCfg = Debug|Win32
		{6DD963DB-3CE4-4F66-B280-DB8C0E800B6E}.Debug|x86.Build.0 = Debug|Win32
		{6DD963DB-3CE4-4F66-B280-DB8C0E800B6E}.Release|x64.ActiveCfg = Release|x64
		{6DD963DB-3CE4-4F66-B280-DB8C0E800B6E}.Release|x64.Build.0 = Release|x64
		{6DD963DB-3CE4-4F66-B280-DB8C0E800B6E}.Release|x86.ActiveCfg = Release|Win32
		{6DD963DB-3CE4-4F66-B280-DB8C0E800B6E}.Release|x86.Build.0 = Release|Win32
		{5C7D56EF-72FA-48AA-A427-1CC0F255A910}.Debug|x64.ActiveCfg = Debug|x64
		{5C7D56EF-72FA-48AA-A427-1CC0F255A910}.Debug|x64.Build.0 = Debug|x64
		{5C7D56EF-72FA-48AA-A427-1CC0F255A910}.Debug|x86.ActiveCfg = Debug|Win32
		{5C7D56EF-72FA-48AA-A427-1CC0F255A910}.Debug|x86.Build.0 = Debug|Win32
		{5C7D56EF-72FA-48AA-A427-1CC0F255A910}.Release|x64.ActiveCfg = Release|x64
		{5C7D56EF-72FA-48AA-A427-1CC0F255A910}.Release|x64.Build.0 = Release|x64
		{5C7D56EF-72FA-48AA-A427-1CC0F255A910}.Release|x86.ActiveCfg = Release|Win32
		{5C7D56EF-72FA-48AA-A427-1CC0F255A910}.Release|x86.Build.0 = Release|Win32
		{5DA3B8F0-CCC8-41D3-AA40-8FFADBA3B417}.Debug|x64.ActiveCfg = Debug|x64
		{5DA3B8F0-CCC8-41D3-AA40-8FFADBA3B417}.Debug|x64.Build.0 = Debug|x64
		{5DA3B8F0-CCC8-41D3-AA40-8FFADBA3B417}.Debug|x86.ActiveCfg = Debug|Win32
		{5DA3B8F0-CCC8-41D3-AA40-8FFADBA3B417}.Debug|x86.Build.0 = Debug|Win32
		{5DA3B8F0-CCC8-41D3-AA40-8FFADBA3B417}.Release|x64.ActiveCfg = Release|x64
		{5DA3B8F0-CCC8-41D3-AA40-8FFADBA3B417}.Release|x64.Build.0 = Release|x64
		{5DA3B8F0-CCC8-41D3-AA40-8FFADBA3B417}.Release|x86.ActiveCfg = Release|Win32
		{5DA3B8F0-CCC8-41D3-AA40-8FFADBA3B417}.Release|x86.Build.0 = Release|Win32
		{F65DCA58-FDDC-493E-B61A-A61B91E67051}.Debug|x64.ActiveCfg = Debug|x64
		{F65DCA58-FDDC-493E-B61A-A61B91E67051}.Debug|x64.Build.0 = Debug|x64
		{F65DCA58-FDDC-493E-B61A-A61B91E67051}.Debug|x86.ActiveCfg = Debug|Win32
		{F65DCA58-FDDC-493E-B61A-A61B91E67051}.Debug|x86.Build.0 = Debug|Win32
		{F65DCA58-FDDC-493E-B61A-A61B91E67051}.Release|x64.ActiveCfg = Release|x64
		{F65DCA58-FDDC-493E-B61A-A61B91E67051}.Release|x64.Build.0 = Release|x64
		{F65DCA58-FDDC-493E-B61A-A61B91E67051}.Release|x86.ActiveCfg = Release|Win32
		{F65DCA58-FDDC-493E-B61A-A61B91E67051}.Release|x86.Build.0 = Release|Win32
	EndGlobalSection
	GlobalSection(SolutionProperties) = preSolution
		HideSolutionNode = FALSE
	EndGlobalSection
	GlobalSection(ExtensibilityGlobals) = postSolution
		SolutionGuid = {AAE215DB-60BB-44CA-9701-5E6295AAE120}
	EndGlobalSection
EndGlobal
