<?xml version="1.0" encoding="utf-8"?>
<Project ToolsVersion="4.0" xmlns="http://schemas.microsoft.com/developer/msbuild/2003">
  <ItemGroup>
    <Filter Include="Source Files">
      <UniqueIdentifier>{4FC737F1-C7A5-4376-A066-2A32D752A2FF}</UniqueIdentifier>
      <Extensions>cpp;c;cc;cxx;c++;cppm;ixx;def;odl;idl;hpj;bat;asm;asmx</Extensions>
    </Filter>
    <Filter Include="Header Files">
      <UniqueIdentifier>{93995380-89BD-4b04-88EB-625FBE52EBFB}</UniqueIdentifier>
      <Extensions>h;hh;hpp;hxx;h++;hm;inl;inc;ipp;xsd</Extensions>
    </Filter>
  </ItemGroup>
  <ItemGroup>
    <ClInclude Include="CommonEditorStateHandler.h">
      <Filter>Header Files</Filter>
    </ClInclude>
    <ClInclude Include="EditNavigateRoomStateHandler.h">
      <Filter>Header Files</Filter>
    </ClInclude>
    <ClInclude Include="EditNewRoomStateHandler.h">
      <Filter>Header Files</Filter>
    </ClInclude>
    <ClInclude Include="EditorContext.h">
      <Filter>Header Files</Filter>
    </ClInclude>
    <ClInclude Include="EditorContextClient.h">
      <Filter>Header Files</Filter>
    </ClInclude>
    <ClInclude Include="EditorMenuStateHandler.h">
      <Filter>Header Files</Filter>
    </ClInclude>
    <ClInclude Include="EditPickRoomStateHandler.h">
      <Filter>Header Files</Filter>
    </ClInclude>
    <ClInclude Include="EditScenarioDescriptorStateHandler.h">
      <Filter>Header Files</Filter>
    </ClInclude>
    <ClInclude Include="EditScenarioSelectorStateHandler.h">
      <Filter>Header Files</Filter>
    </ClInclude>
    <ClInclude Include="EditScenarioStateHandler.h">
      <Filter>Header Files</Filter>
    </ClInclude>
    <ClInclude Include="RoomRenderer.h">
      <Filter>Header Files</Filter>
    </ClInclude>
    <ClInclude Include="StartEditorStateHandler.h">
      <Filter>Header Files</Filter>
    </ClInclude>
    <ClInclude Include="EditorScenarioSelector.h">
      <Filter>Header Files</Filter>
    </ClInclude>
  </ItemGroup>
  <ItemGroup>
    <ClCompile Include="EditNavigateRoomStateHandler.cpp">
      <Filter>Source Files</Filter>
    </ClCompile>
    <ClCompile Include="EditNewRoomStateHandler.cpp">
      <Filter>Source Files</Filter>
    </ClCompile>
    <ClCompile Include="EditorContext.cpp">
      <Filter>Source Files</Filter>
    </ClCompile>
    <ClCompile Include="EditPickRoomStateHandler.cpp">
      <Filter>Source Files</Filter>
    </ClCompile>
    <ClCompile Include="EditScenarioDescriptorStateHandler.cpp">
      <Filter>Source Files</Filter>
    </ClCompile>
    <ClCompile Include="EditScenarioSelectorStateHandler.cpp">
      <Filter>Source Files</Filter>
    </ClCompile>
    <ClCompile Include="EditScenarioStateHandler.cpp">
      <Filter>Source Files</Filter>
    </ClCompile>
    <ClCompile Include="RoomRenderer.cpp">
      <Filter>Source Files</Filter>
    </ClCompile>
    <ClCompile Include="StartEditorStateHandler.cpp">
      <Filter>Source Files</Filter>
    </ClCompile>
    <ClCompile Include="EditorScenarioSelector.cpp">
      <Filter>Source Files</Filter>
    </ClCompile>
  </ItemGroup>
</Project>