<?xml version="1.0" encoding="utf-8"?>
<Project ToolsVersion="4.0" xmlns="http://schemas.microsoft.com/developer/msbuild/2003">
  <ItemGroup>
    <Filter Include="Source Files">
      <UniqueIdentifier>{4FC737F1-C7A5-4376-A066-2A32D752A2FF}</UniqueIdentifier>
      <Extensions>cpp;c;cc;cxx;c++;cppm;ixx;def;odl;idl;hpj;bat;asm;asmx</Extensions>
    </Filter>
    <Filter Include="Header Files">
      <UniqueIdentifier>{93995380-89BD-4b04-88EB-625FBE52EBFB}</UniqueIdentifier>
      <Extensions>h;hh;hpp;hxx;h++;hm;inl;inc;ipp;xsd</Extensions>
    </Filter>
  </ItemGroup>
  <ItemGroup>
    <ClCompile Include="main.cpp">
      <Filter>Source Files</Filter>
    </ClCompile>
    <ClCompile Include="RNGUtility.cpp">
      <Filter>Source Files</Filter>
    </ClCompile>
    <ClCompile Include="Utility.cpp">
      <Filter>Source Files</Filter>
    </ClCompile>
    <ClCompile Include="Application.cpp">
      <Filter>Source Files</Filter>
    </ClCompile>
    <ClCompile Include="JSONUtility.cpp">
      <Filter>Source Files</Filter>
    </ClCompile>
    <ClCompile Include="AspirantApplication.cpp">
      <Filter>Source Files</Filter>
    </ClCompile>
    <ClCompile Include="StringManager.cpp">
      <Filter>Source Files</Filter>
    </ClCompile>
    <ClCompile Include="IntManager.cpp">
      <Filter>Source Files</Filter>
    </ClCompile>
    <ClCompile Include="FlagManager.cpp">
      <Filter>Source Files</Filter>
    </ClCompile>
    <ClCompile Include="ColorManager.cpp">
      <Filter>Source Files</Filter>
    </ClCompile>
    <ClCompile Include="FinishManager.cpp">
      <Filter>Source Files</Filter>
    </ClCompile>
    <ClCompile Include="TextureManager.cpp">
      <Filter>Source Files</Filter>
    </ClCompile>
    <ClCompile Include="SpriteManager.cpp">
      <Filter>Source Files</Filter>
    </ClCompile>
    <ClCompile Include="Sprite.cpp">
      <Filter>Source Files</Filter>
    </ClCompile>
    <ClCompile Include="SpriteFont.cpp">
      <Filter>Source Files</Filter>
    </ClCompile>
    <ClCompile Include="FontManager.cpp">
      <Filter>Source Files</Filter>
    </ClCompile>
    <ClCompile Include="StaticImage.cpp">
      <Filter>Source Files</Filter>
    </ClCompile>
    <ClCompile Include="IntSource.cpp">
      <Filter>Source Files</Filter>
    </ClCompile>
    <ClCompile Include="StringSource.cpp">
      <Filter>Source Files</Filter>
    </ClCompile>
    <ClCompile Include="BoolSource.cpp">
      <Filter>Source Files</Filter>
    </ClCompile>
    <ClCompile Include="StaticText.cpp">
      <Filter>Source Files</Filter>
    </ClCompile>
    <ClCompile Include="Layout.cpp">
      <Filter>Source Files</Filter>
    </ClCompile>
    <ClCompile Include="LayoutManager.cpp">
      <Filter>Source Files</Filter>
    </ClCompile>
    <ClCompile Include="SoundManager.cpp">
      <Filter>Source Files</Filter>
    </ClCompile>
    <ClCompile Include="OptionsManager.cpp">
      <Filter>Source Files</Filter>
    </ClCompile>
    <ClCompile Include="DescriptorManager.cpp">
      <Filter>Source Files</Filter>
    </ClCompile>
    <ClCompile Include="TerrainDescriptor.cpp">
      <Filter>Source Files</Filter>
    </ClCompile>
    <ClCompile Include="CreatureDescriptor.cpp">
      <Filter>Source Files</Filter>
    </ClCompile>
    <ClCompile Include="TerrainInstance.cpp">
      <Filter>Source Files</Filter>
    </ClCompile>
    <ClCompile Include="CreatureInstance.cpp">
      <Filter>Source Files</Filter>
    </ClCompile>
    <ClCompile Include="ScenarioDescriptorManager.cpp">
      <Filter>Source Files</Filter>
    </ClCompile>
    <ClCompile Include="SplashStateHandler.cpp">
      <Filter>Source Files</Filter>
    </ClCompile>
    <ClCompile Include="StartGameStateHandler.cpp">
      <Filter>Source Files</Filter>
    </ClCompile>
    <ClCompile Include="OptionsStateHandler.cpp">
      <Filter>Source Files</Filter>
    </ClCompile>
    <ClCompile Include="MainMenuStateHandler.cpp">
      <Filter>Source Files</Filter>
    </ClCompile>
    <ClCompile Include="AboutStateHandler.cpp">
      <Filter>Source Files</Filter>
    </ClCompile>
    <ClCompile Include="ConfirmQuitStateHandler.cpp">
      <Filter>Source Files</Filter>
    </ClCompile>
    <ClCompile Include="StartEditorStateHandler.cpp">
      <Filter>Source Files</Filter>
    </ClCompile>
    <ClCompile Include="EditorScenarioSelector.cpp">
      <Filter>Source Files</Filter>
    </ClCompile>
  </ItemGroup>
  <ItemGroup>
    <ClInclude Include="Application.h">
      <Filter>Header Files</Filter>
    </ClInclude>
    <ClInclude Include="RNGUtility.h">
      <Filter>Header Files</Filter>
    </ClInclude>
    <ClInclude Include="Utility.h">
      <Filter>Header Files</Filter>
    </ClInclude>
    <ClInclude Include="json.hpp">
      <Filter>Header Files</Filter>
    </ClInclude>
    <ClInclude Include="JSONUtility.h">
      <Filter>Header Files</Filter>
    </ClInclude>
    <ClInclude Include="UIState.h">
      <Filter>Header Files</Filter>
    </ClInclude>
    <ClInclude Include="AspirantApplication.h">
      <Filter>Header Files</Filter>
    </ClInclude>
    <ClInclude Include="Command.h">
      <Filter>Header Files</Filter>
    </ClInclude>
    <ClInclude Include="StringManager.h">
      <Filter>Header Files</Filter>
    </ClInclude>
    <ClInclude Include="IntManager.h">
      <Filter>Header Files</Filter>
    </ClInclude>
    <ClInclude Include="FlagManager.h">
      <Filter>Header Files</Filter>
    </ClInclude>
    <ClInclude Include="ColorManager.h">
      <Filter>Header Files</Filter>
    </ClInclude>
    <ClInclude Include="FinishManager.h">
      <Filter>Header Files</Filter>
    </ClInclude>
    <ClInclude Include="TextureManager.h">
      <Filter>Header Files</Filter>
    </ClInclude>
    <ClInclude Include="SpriteManager.h">
      <Filter>Header Files</Filter>
    </ClInclude>
    <ClInclude Include="Sprite.h">
      <Filter>Header Files</Filter>
    </ClInclude>
    <ClInclude Include="XY.h">
      <Filter>Header Files</Filter>
    </ClInclude>
    <ClInclude Include="SpriteFont.h">
      <Filter>Header Files</Filter>
    </ClInclude>
    <ClInclude Include="FontManager.h">
      <Filter>Header Files</Filter>
    </ClInclude>
    <ClInclude Include="FinishUtility.h">
      <Filter>Header Files</Filter>
    </ClInclude>
    <ClInclude Include="Drawn.h">
      <Filter>Header Files</Filter>
    </ClInclude>
    <ClInclude Include="StaticImage.h">
      <Filter>Header Files</Filter>
    </ClInclude>
    <ClInclude Include="IntSource.h">
      <Filter>Header Files</Filter>
    </ClInclude>
    <ClInclude Include="StringSource.h">
      <Filter>Header Files</Filter>
    </ClInclude>
    <ClInclude Include="StaticText.h">
      <Filter>Header Files</Filter>
    </ClInclude>
    <ClInclude Include="BoolSource.h">
      <Filter>Header Files</Filter>
    </ClInclude>
    <ClInclude Include="Layout.h">
      <Filter>Header Files</Filter>
    </ClInclude>
    <ClInclude Include="LayoutManager.h">
      <Filter>Header Files</Filter>
    </ClInclude>
    <ClInclude Include="SoundManager.h">
      <Filter>Header Files</Filter>
    </ClInclude>
    <ClInclude Include="OptionsManager.h">
      <Filter>Header Files</Filter>
    </ClInclude>
    <ClInclude Include="DescriptorManager.h">
      <Filter>Header Files</Filter>
    </ClInclude>
    <ClInclude Include="BaseDescriptor.h">
      <Filter>Header Files</Filter>
    </ClInclude>
    <ClInclude Include="ScenarioObjectInstance.h">
      <Filter>Header Files</Filter>
    </ClInclude>
    <ClInclude Include="TerrainDescriptor.h">
      <Filter>Header Files</Filter>
    </ClInclude>
    <ClInclude Include="CreatureDescriptor.h">
      <Filter>Header Files</Filter>
    </ClInclude>
    <ClInclude Include="CommonDescriptor.h">
      <Filter>Header Files</Filter>
    </ClInclude>
    <ClInclude Include="CreatureInstance.h">
      <Filter>Header Files</Filter>
    </ClInclude>
    <ClInclude Include="TerrainInstance.h">
      <Filter>Header Files</Filter>
    </ClInclude>
    <ClInclude Include="ScenarioDescriptor.h">
      <Filter>Header Files</Filter>
    </ClInclude>
    <ClInclude Include="ScenarioDescriptorManager.h">
      <Filter>Header Files</Filter>
    </ClInclude>
    <ClInclude Include="SplashStateHandler.h">
      <Filter>Header Files</Filter>
    </ClInclude>
    <ClInclude Include="MainMenuStateHandler.h">
      <Filter>Header Files</Filter>
    </ClInclude>
    <ClInclude Include="AboutStateHandler.h">
      <Filter>Header Files</Filter>
    </ClInclude>
    <ClInclude Include="ConfirmQuitStateHandler.h">
      <Filter>Header Files</Filter>
    </ClInclude>
    <ClInclude Include="OptionsStateHandler.h">
      <Filter>Header Files</Filter>
    </ClInclude>
    <ClInclude Include="StartGameStateHandler.h">
      <Filter>Header Files</Filter>
    </ClInclude>
    <ClInclude Include="MenuItemDescriptor.h">
      <Filter>Header Files</Filter>
    </ClInclude>
    <ClInclude Include="StartEditorStateHandler.h">
      <Filter>Header Files</Filter>
    </ClInclude>
    <ClInclude Include="EditorScenarioSelector.h">
      <Filter>Header Files</Filter>
    </ClInclude>
  </ItemGroup>
</Project>