<?xml version="1.0" encoding="utf-8"?>
<Project ToolsVersion="4.0" xmlns="http://schemas.microsoft.com/developer/msbuild/2003">
  <ItemGroup>
    <Filter Include="Source Files">
      <UniqueIdentifier>{4FC737F1-C7A5-4376-A066-2A32D752A2FF}</UniqueIdentifier>
      <Extensions>cpp;c;cc;cxx;c++;cppm;ixx;def;odl;idl;hpj;bat;asm;asmx</Extensions>
    </Filter>
    <Filter Include="Header Files">
      <UniqueIdentifier>{93995380-89BD-4b04-88EB-625FBE52EBFB}</UniqueIdentifier>
      <Extensions>h;hh;hpp;hxx;h++;hm;inl;inc;ipp;xsd</Extensions>
    </Filter>
  </ItemGroup>
  <ItemGroup>
    <ClCompile Include="main.cpp">
      <Filter>Source Files</Filter>
    </ClCompile>
    <ClCompile Include="RNGUtility.cpp">
      <Filter>Source Files</Filter>
    </ClCompile>
    <ClCompile Include="Utility.cpp">
      <Filter>Source Files</Filter>
    </ClCompile>
    <ClCompile Include="Common.Application.cpp">
      <Filter>Source Files</Filter>
    </ClCompile>
    <ClCompile Include="JSONUtility.cpp">
      <Filter>Source Files</Filter>
    </ClCompile>
    <ClCompile Include="Aspirant.Application.cpp">
      <Filter>Source Files</Filter>
    </ClCompile>
    <ClCompile Include="StringManager.cpp">
      <Filter>Source Files</Filter>
    </ClCompile>
    <ClCompile Include="IntManager.cpp">
      <Filter>Source Files</Filter>
    </ClCompile>
    <ClCompile Include="FlagManager.cpp">
      <Filter>Source Files</Filter>
    </ClCompile>
    <ClCompile Include="Graphics.Colors.cpp">
      <Filter>Source Files</Filter>
    </ClCompile>
    <ClCompile Include="FinishManager.cpp">
      <Filter>Source Files</Filter>
    </ClCompile>
    <ClCompile Include="TextureManager.cpp">
      <Filter>Source Files</Filter>
    </ClCompile>
    <ClCompile Include="SpriteManager.cpp">
      <Filter>Source Files</Filter>
    </ClCompile>
    <ClCompile Include="Sprite.cpp">
      <Filter>Source Files</Filter>
    </ClCompile>
    <ClCompile Include="SpriteFont.cpp">
      <Filter>Source Files</Filter>
    </ClCompile>
    <ClCompile Include="FontManager.cpp">
      <Filter>Source Files</Filter>
    </ClCompile>
    <ClCompile Include="StaticImage.cpp">
      <Filter>Source Files</Filter>
    </ClCompile>
    <ClCompile Include="Data.Int.cpp">
      <Filter>Source Files</Filter>
    </ClCompile>
    <ClCompile Include="Data.String.cpp">
      <Filter>Source Files</Filter>
    </ClCompile>
    <ClCompile Include="Data.Bool.cpp">
      <Filter>Source Files</Filter>
    </ClCompile>
    <ClCompile Include="StaticText.cpp">
      <Filter>Source Files</Filter>
    </ClCompile>
    <ClCompile Include="Layout.cpp">
      <Filter>Source Files</Filter>
    </ClCompile>
    <ClCompile Include="LayoutManager.cpp">
      <Filter>Source Files</Filter>
    </ClCompile>
    <ClCompile Include="SoundManager.cpp">
      <Filter>Source Files</Filter>
    </ClCompile>
    <ClCompile Include="OptionsManager.cpp">
      <Filter>Source Files</Filter>
    </ClCompile>
    <ClCompile Include="DescriptorManager.cpp">
      <Filter>Source Files</Filter>
    </ClCompile>
    <ClCompile Include="TerrainDescriptor.cpp">
      <Filter>Source Files</Filter>
    </ClCompile>
    <ClCompile Include="CreatureDescriptor.cpp">
      <Filter>Source Files</Filter>
    </ClCompile>
    <ClCompile Include="TerrainInstance.cpp">
      <Filter>Source Files</Filter>
    </ClCompile>
    <ClCompile Include="CreatureInstance.cpp">
      <Filter>Source Files</Filter>
    </ClCompile>
    <ClCompile Include="ScenarioDescriptorManager.cpp">
      <Filter>Source Files</Filter>
    </ClCompile>
    <ClCompile Include="SplashStateHandler.cpp">
      <Filter>Source Files</Filter>
    </ClCompile>
    <ClCompile Include="StartGameStateHandler.cpp">
      <Filter>Source Files</Filter>
    </ClCompile>
    <ClCompile Include="OptionsStateHandler.cpp">
      <Filter>Source Files</Filter>
    </ClCompile>
    <ClCompile Include="MainMenuStateHandler.cpp">
      <Filter>Source Files</Filter>
    </ClCompile>
    <ClCompile Include="Aspirant.State.About.cpp">
      <Filter>Source Files</Filter>
    </ClCompile>
    <ClCompile Include="Aspirant.State.ConfirmQuit.cpp">
      <Filter>Source Files</Filter>
    </ClCompile>
    <ClCompile Include="StartEditorStateHandler.cpp">
      <Filter>Source Files</Filter>
    </ClCompile>
    <ClCompile Include="EditorScenarioSelector.cpp">
      <Filter>Source Files</Filter>
    </ClCompile>
    <ClCompile Include="EditScenarioSelectorStateHandler.cpp">
      <Filter>Source Files</Filter>
    </ClCompile>
    <ClCompile Include="ScenarioRoomCell.cpp">
      <Filter>Source Files</Filter>
    </ClCompile>
    <ClCompile Include="ScenarioRoom.cpp">
      <Filter>Source Files</Filter>
    </ClCompile>
    <ClCompile Include="Scenario.cpp">
      <Filter>Source Files</Filter>
    </ClCompile>
    <ClCompile Include="EditScenarioStateHandler.cpp">
      <Filter>Source Files</Filter>
    </ClCompile>
    <ClCompile Include="EditorRoomListContext.cpp">
      <Filter>Source Files</Filter>
    </ClCompile>
    <ClCompile Include="EditorContext.cpp">
      <Filter>Source Files</Filter>
    </ClCompile>
    <ClCompile Include="EditorNewRoomContext.h">
      <Filter>Header Files</Filter>
    </ClCompile>
    <ClCompile Include="EditorNewRoomContext.cpp">
      <Filter>Source Files</Filter>
    </ClCompile>
    <ClCompile Include="EditPickRoomStateHandler.cpp">
      <Filter>Source Files</Filter>
    </ClCompile>
    <ClCompile Include="EditorRoomViewContext.cpp">
      <Filter>Source Files</Filter>
    </ClCompile>
    <ClCompile Include="EditNewRoomStateHandler.cpp">
      <Filter>Source Files</Filter>
    </ClCompile>
    <ClCompile Include="EditScenarioDescriptorStateHandler.cpp">
      <Filter>Source Files</Filter>
    </ClCompile>
    <ClCompile Include="RoomRenderer.cpp">
      <Filter>Source Files</Filter>
    </ClCompile>
    <ClCompile Include="RoomCellObjectsRenderer.cpp">
      <Filter>Source Files</Filter>
    </ClCompile>
    <ClCompile Include="DescriptorSelectorRenderer.cpp">
      <Filter>Source Files</Filter>
    </ClCompile>
    <ClCompile Include="EditNavigateRoomStateHandler.cpp">
      <Filter>Source Files</Filter>
    </ClCompile>
    <ClCompile Include="EditorRoomCellObjectsContext.cpp">
      <Filter>Source Files</Filter>
    </ClCompile>
    <ClCompile Include="EditorDescriptorSelectorContext.cpp">
      <Filter>Source Files</Filter>
    </ClCompile>
    <ClCompile Include="EditorBaseControl.cpp">
      <Filter>Source Files</Filter>
    </ClCompile>
    <ClCompile Include="EditDescriptorSelectorStateHandler.cpp">
      <Filter>Source Files</Filter>
    </ClCompile>
  </ItemGroup>
  <ItemGroup>
    <ClInclude Include="Common.Application.h">
      <Filter>Header Files</Filter>
    </ClInclude>
    <ClInclude Include="RNGUtility.h">
      <Filter>Header Files</Filter>
    </ClInclude>
    <ClInclude Include="Utility.h">
      <Filter>Header Files</Filter>
    </ClInclude>
    <ClInclude Include="json.hpp">
      <Filter>Header Files</Filter>
    </ClInclude>
    <ClInclude Include="JSONUtility.h">
      <Filter>Header Files</Filter>
    </ClInclude>
    <ClInclude Include="UIState.h">
      <Filter>Header Files</Filter>
    </ClInclude>
    <ClInclude Include="Aspirant.Application.h">
      <Filter>Header Files</Filter>
    </ClInclude>
    <ClInclude Include="Aspirant.Command.h">
      <Filter>Header Files</Filter>
    </ClInclude>
    <ClInclude Include="StringManager.h">
      <Filter>Header Files</Filter>
    </ClInclude>
    <ClInclude Include="IntManager.h">
      <Filter>Header Files</Filter>
    </ClInclude>
    <ClInclude Include="FlagManager.h">
      <Filter>Header Files</Filter>
    </ClInclude>
    <ClInclude Include="Graphics.Colors.h">
      <Filter>Header Files</Filter>
    </ClInclude>
    <ClInclude Include="FinishManager.h">
      <Filter>Header Files</Filter>
    </ClInclude>
    <ClInclude Include="TextureManager.h">
      <Filter>Header Files</Filter>
    </ClInclude>
    <ClInclude Include="SpriteManager.h">
      <Filter>Header Files</Filter>
    </ClInclude>
    <ClInclude Include="Sprite.h">
      <Filter>Header Files</Filter>
    </ClInclude>
    <ClInclude Include="XY.h">
      <Filter>Header Files</Filter>
    </ClInclude>
    <ClInclude Include="SpriteFont.h">
      <Filter>Header Files</Filter>
    </ClInclude>
    <ClInclude Include="FontManager.h">
      <Filter>Header Files</Filter>
    </ClInclude>
    <ClInclude Include="FinishUtility.h">
      <Filter>Header Files</Filter>
    </ClInclude>
    <ClInclude Include="Drawn.h">
      <Filter>Header Files</Filter>
    </ClInclude>
    <ClInclude Include="StaticImage.h">
      <Filter>Header Files</Filter>
    </ClInclude>
    <ClInclude Include="Data.Int.h">
      <Filter>Header Files</Filter>
    </ClInclude>
    <ClInclude Include="Data.String.h">
      <Filter>Header Files</Filter>
    </ClInclude>
    <ClInclude Include="StaticText.h">
      <Filter>Header Files</Filter>
    </ClInclude>
    <ClInclude Include="Data.Bool.h">
      <Filter>Header Files</Filter>
    </ClInclude>
    <ClInclude Include="Layout.h">
      <Filter>Header Files</Filter>
    </ClInclude>
    <ClInclude Include="LayoutManager.h">
      <Filter>Header Files</Filter>
    </ClInclude>
    <ClInclude Include="SoundManager.h">
      <Filter>Header Files</Filter>
    </ClInclude>
    <ClInclude Include="OptionsManager.h">
      <Filter>Header Files</Filter>
    </ClInclude>
    <ClInclude Include="DescriptorManager.h">
      <Filter>Header Files</Filter>
    </ClInclude>
    <ClInclude Include="ScenarioObjectInstance.h">
      <Filter>Header Files</Filter>
    </ClInclude>
    <ClInclude Include="TerrainDescriptor.h">
      <Filter>Header Files</Filter>
    </ClInclude>
    <ClInclude Include="CreatureDescriptor.h">
      <Filter>Header Files</Filter>
    </ClInclude>
    <ClInclude Include="CommonDescriptor.h">
      <Filter>Header Files</Filter>
    </ClInclude>
    <ClInclude Include="CreatureInstance.h">
      <Filter>Header Files</Filter>
    </ClInclude>
    <ClInclude Include="TerrainInstance.h">
      <Filter>Header Files</Filter>
    </ClInclude>
    <ClInclude Include="ScenarioDescriptor.h">
      <Filter>Header Files</Filter>
    </ClInclude>
    <ClInclude Include="ScenarioDescriptorManager.h">
      <Filter>Header Files</Filter>
    </ClInclude>
    <ClInclude Include="SplashStateHandler.h">
      <Filter>Header Files</Filter>
    </ClInclude>
    <ClInclude Include="MainMenuStateHandler.h">
      <Filter>Header Files</Filter>
    </ClInclude>
    <ClInclude Include="Aspirant.State.About.h">
      <Filter>Header Files</Filter>
    </ClInclude>
    <ClInclude Include="Aspirant.State.ConfirmQuit.h">
      <Filter>Header Files</Filter>
    </ClInclude>
    <ClInclude Include="OptionsStateHandler.h">
      <Filter>Header Files</Filter>
    </ClInclude>
    <ClInclude Include="StartGameStateHandler.h">
      <Filter>Header Files</Filter>
    </ClInclude>
    <ClInclude Include="MenuItemDescriptor.h">
      <Filter>Header Files</Filter>
    </ClInclude>
    <ClInclude Include="StartEditorStateHandler.h">
      <Filter>Header Files</Filter>
    </ClInclude>
    <ClInclude Include="EditorScenarioSelector.h">
      <Filter>Header Files</Filter>
    </ClInclude>
    <ClInclude Include="EditScenarioSelectorStateHandler.h">
      <Filter>Header Files</Filter>
    </ClInclude>
    <ClInclude Include="ScenarioRoomCell.h">
      <Filter>Header Files</Filter>
    </ClInclude>
    <ClInclude Include="ScenarioRoom.h">
      <Filter>Header Files</Filter>
    </ClInclude>
    <ClInclude Include="Scenario.h">
      <Filter>Header Files</Filter>
    </ClInclude>
    <ClInclude Include="EditScenarioStateHandler.h">
      <Filter>Header Files</Filter>
    </ClInclude>
    <ClInclude Include="EditorRoomListContext.h">
      <Filter>Header Files</Filter>
    </ClInclude>
    <ClInclude Include="EditorContext.h">
      <Filter>Header Files</Filter>
    </ClInclude>
    <ClInclude Include="EditPickRoomStateHandler.h">
      <Filter>Header Files</Filter>
    </ClInclude>
    <ClInclude Include="EditorRoomViewContext.h">
      <Filter>Header Files</Filter>
    </ClInclude>
    <ClInclude Include="EditNewRoomStateHandler.h">
      <Filter>Header Files</Filter>
    </ClInclude>
    <ClInclude Include="EditScenarioDescriptorStateHandler.h">
      <Filter>Header Files</Filter>
    </ClInclude>
    <ClInclude Include="RoomRenderer.h">
      <Filter>Header Files</Filter>
    </ClInclude>
    <ClInclude Include="RoomCellObjectsRenderer.h">
      <Filter>Header Files</Filter>
    </ClInclude>
    <ClInclude Include="DescriptorSelectorRenderer.h">
      <Filter>Header Files</Filter>
    </ClInclude>
    <ClInclude Include="EditNavigateRoomStateHandler.h">
      <Filter>Header Files</Filter>
    </ClInclude>
    <ClInclude Include="EditorDescriptorSelectorContext.h">
      <Filter>Header Files</Filter>
    </ClInclude>
    <ClInclude Include="EditorRoomCellObjectsContext.h">
      <Filter>Header Files</Filter>
    </ClInclude>
    <ClInclude Include="EditorBaseControl.h">
      <Filter>Header Files</Filter>
    </ClInclude>
    <ClInclude Include="EditDescriptorSelectorStateHandler.h">
      <Filter>Header Files</Filter>
    </ClInclude>
  </ItemGroup>
</Project>